
Microsoft Visual Studio Solution File, Format Version 12.00
# Visual Studio Version 16
VisualStudioVersion = 16.0.31515.178
MinimumVisualStudioVersion = 10.0.40219.1
Project("{FAE04EC0-301F-11D3-BF4B-00C04F79EFBC}") = "ProcessNote", "ProcessNote\ProcessNote.csproj", "{5E1040D6-CC41-4709-873F-CF35A3CC546A}"
EndProject
Global
	GlobalSection(SolutionConfigurationPlatforms) = preSolution
		Debug|Any CPU = Debug|Any CPU
		Release|Any CPU = Release|Any CPU
	EndGlobalSection
	GlobalSection(ProjectConfigurationPlatforms) = postSolution
		{5E1040D6-CC41-4709-873F-CF35A3CC546A}.Debug|Any CPU.ActiveCfg = Debug|Any CPU
		{5E1040D6-CC41-4709-873F-CF35A3CC546A}.Debug|Any CPU.Build.0 = Debug|Any CPU
		{5E1040D6-CC41-4709-873F-CF35A3CC546A}.Release|Any CPU.ActiveCfg = Release|Any CPU
		{5E1040D6-CC41-4709-873F-CF35A3CC546A}.Release|Any CPU.Build.0 = Release|Any CPU
	EndGlobalSection
	GlobalSection(SolutionProperties) = preSolution
		HideSolutionNode = FALSE
	EndGlobalSection
	GlobalSection(ExtensibilityGlobals) = postSolution
		SolutionGuid = {01396341-DFBB-4882-9510-B754EA5CB7BF}
	EndGlobalSection
EndGlobal
